// !$*UTF8*$!
{
	archiveVersion = 1;
	classes = {
	};
	objectVersion = 48;
	objects = {

/* Begin PBXBuildFile section */
		BC3D0B1C201440BF008B7E77 /* WKWebViewJavascriptBridge.swift in Sources */ = {isa = PBXBuildFile; fileRef = BC3D0B1B201440BF008B7E77 /* WKWebViewJavascriptBridge.swift */; };
		BC3D0B1E201440D9008B7E77 /* WKWebViewJavascriptBridgeBase.swift in Sources */ = {isa = PBXBuildFile; fileRef = BC3D0B1D201440D9008B7E77 /* WKWebViewJavascriptBridgeBase.swift */; };
		BC3D0B20201440E8008B7E77 /* WKWebViewJavascriptBridgeJS.swift in Sources */ = {isa = PBXBuildFile; fileRef = BC3D0B1F201440E8008B7E77 /* WKWebViewJavascriptBridgeJS.swift */; };
		BC4A38AE20138F7500E96E5D /* WKWebViewJavascriptBridge.framework in Frameworks */ = {isa = PBXBuildFile; fileRef = BC4A38A420138F7500E96E5D /* WKWebViewJavascriptBridge.framework */; };
		BC4A38B320138F7500E96E5D /* WKWebViewJavascriptBridgeTests.swift in Sources */ = {isa = PBXBuildFile; fileRef = BC4A38B220138F7500E96E5D /* WKWebViewJavascriptBridgeTests.swift */; };
		BC4A38B520138F7500E96E5D /* WKWebViewJavascriptBridge.h in Headers */ = {isa = PBXBuildFile; fileRef = BC4A38A720138F7500E96E5D /* WKWebViewJavascriptBridge.h */; settings = {ATTRIBUTES = (Public, ); }; };
		BC942673201750BA00A5A6F9 /* WKWebViewJavascriptBridge.framework in Frameworks */ = {isa = PBXBuildFile; fileRef = BC4A38A420138F7500E96E5D /* WKWebViewJavascriptBridge.framework */; };
		BC94267420182E8300A5A6F9 /* Demo.html in Resources */ = {isa = PBXBuildFile; fileRef = BC995A582016F6A60012F728 /* Demo.html */; };
		BC995A492016F5690012F728 /* AppDelegate.swift in Sources */ = {isa = PBXBuildFile; fileRef = BC995A482016F5690012F728 /* AppDelegate.swift */; };
		BC995A4B2016F5690012F728 /* ViewController.swift in Sources */ = {isa = PBXBuildFile; fileRef = BC995A4A2016F5690012F728 /* ViewController.swift */; };
		BC995A4E2016F5690012F728 /* Main.storyboard in Resources */ = {isa = PBXBuildFile; fileRef = BC995A4C2016F5690012F728 /* Main.storyboard */; };
		BC995A502016F5690012F728 /* Assets.xcassets in Resources */ = {isa = PBXBuildFile; fileRef = BC995A4F2016F5690012F728 /* Assets.xcassets */; };
		BC995A532016F5690012F728 /* LaunchScreen.storyboard in Resources */ = {isa = PBXBuildFile; fileRef = BC995A512016F5690012F728 /* LaunchScreen.storyboard */; };
/* End PBXBuildFile section */

/* Begin PBXContainerItemProxy section */
		BC4A38AF20138F7500E96E5D /* PBXContainerItemProxy */ = {
			isa = PBXContainerItemProxy;
			containerPortal = BC4A389B20138F7500E96E5D /* Project object */;
			proxyType = 1;
			remoteGlobalIDString = BC4A38A320138F7500E96E5D;
			remoteInfo = WKWebViewJavascriptBridge;
		};
/* End PBXContainerItemProxy section */

/* Begin PBXFileReference section */
		BC3D0B1B201440BF008B7E77 /* WKWebViewJavascriptBridge.swift */ = {isa = PBXFileReference; lastKnownFileType = sourcecode.swift; path = WKWebViewJavascriptBridge.swift; sourceTree = "<group>"; };
		BC3D0B1D201440D9008B7E77 /* WKWebViewJavascriptBridgeBase.swift */ = {isa = PBXFileReference; lastKnownFileType = sourcecode.swift; path = WKWebViewJavascriptBridgeBase.swift; sourceTree = "<group>"; };
		BC3D0B1F201440E8008B7E77 /* WKWebViewJavascriptBridgeJS.swift */ = {isa = PBXFileReference; lastKnownFileType = sourcecode.swift; path = WKWebViewJavascriptBridgeJS.swift; sourceTree = "<group>"; };
		BC4A38A420138F7500E96E5D /* WKWebViewJavascriptBridge.framework */ = {isa = PBXFileReference; explicitFileType = wrapper.framework; includeInIndex = 0; path = WKWebViewJavascriptBridge.framework; sourceTree = BUILT_PRODUCTS_DIR; };
		BC4A38A720138F7500E96E5D /* WKWebViewJavascriptBridge.h */ = {isa = PBXFileReference; lastKnownFileType = sourcecode.c.h; path = WKWebViewJavascriptBridge.h; sourceTree = "<group>"; };
		BC4A38A820138F7500E96E5D /* Info.plist */ = {isa = PBXFileReference; lastKnownFileType = text.plist.xml; path = Info.plist; sourceTree = "<group>"; };
		BC4A38AD20138F7500E96E5D /* WKWebViewJavascriptBridgeTests.xctest */ = {isa = PBXFileReference; explicitFileType = wrapper.cfbundle; includeInIndex = 0; path = WKWebViewJavascriptBridgeTests.xctest; sourceTree = BUILT_PRODUCTS_DIR; };
		BC4A38B220138F7500E96E5D /* WKWebViewJavascriptBridgeTests.swift */ = {isa = PBXFileReference; lastKnownFileType = sourcecode.swift; path = WKWebViewJavascriptBridgeTests.swift; sourceTree = "<group>"; };
		BC4A38B420138F7500E96E5D /* Info.plist */ = {isa = PBXFileReference; lastKnownFileType = text.plist.xml; path = Info.plist; sourceTree = "<group>"; };
		BC995A462016F5690012F728 /* WKWebViewJavascriptBridgeDemo.app */ = {isa = PBXFileReference; explicitFileType = wrapper.application; includeInIndex = 0; path = WKWebViewJavascriptBridgeDemo.app; sourceTree = BUILT_PRODUCTS_DIR; };
		BC995A482016F5690012F728 /* AppDelegate.swift */ = {isa = PBXFileReference; lastKnownFileType = sourcecode.swift; path = AppDelegate.swift; sourceTree = "<group>"; };
		BC995A4A2016F5690012F728 /* ViewController.swift */ = {isa = PBXFileReference; lastKnownFileType = sourcecode.swift; path = ViewController.swift; sourceTree = "<group>"; };
		BC995A4D2016F5690012F728 /* Base */ = {isa = PBXFileReference; lastKnownFileType = file.storyboard; name = Base; path = Base.lproj/Main.storyboard; sourceTree = "<group>"; };
		BC995A4F2016F5690012F728 /* Assets.xcassets */ = {isa = PBXFileReference; lastKnownFileType = folder.assetcatalog; path = Assets.xcassets; sourceTree = "<group>"; };
		BC995A522016F5690012F728 /* Base */ = {isa = PBXFileReference; lastKnownFileType = file.storyboard; name = Base; path = Base.lproj/LaunchScreen.storyboard; sourceTree = "<group>"; };
		BC995A542016F5690012F728 /* Info.plist */ = {isa = PBXFileReference; lastKnownFileType = text.plist.xml; path = Info.plist; sourceTree = "<group>"; };
		BC995A582016F6A60012F728 /* Demo.html */ = {isa = PBXFileReference; lastKnownFileType = text.html; path = Demo.html; sourceTree = "<group>"; };
/* End PBXFileReference section */

/* Begin PBXFrameworksBuildPhase section */
		BC4A38A020138F7500E96E5D /* Frameworks */ = {
			isa = PBXFrameworksBuildPhase;
			buildActionMask = 2147483647;
			files = (
			);
			runOnlyForDeploymentPostprocessing = 0;
		};
		BC4A38AA20138F7500E96E5D /* Frameworks */ = {
			isa = PBXFrameworksBuildPhase;
			buildActionMask = 2147483647;
			files = (
				BC4A38AE20138F7500E96E5D /* WKWebViewJavascriptBridge.framework in Frameworks */,
			);
			runOnlyForDeploymentPostprocessing = 0;
		};
		BC995A432016F5690012F728 /* Frameworks */ = {
			isa = PBXFrameworksBuildPhase;
			buildActionMask = 2147483647;
			files = (
				BC942673201750BA00A5A6F9 /* WKWebViewJavascriptBridge.framework in Frameworks */,
			);
			runOnlyForDeploymentPostprocessing = 0;
		};
/* End PBXFrameworksBuildPhase section */

/* Begin PBXGroup section */
		BC4A389A20138F7500E96E5D = {
			isa = PBXGroup;
			children = (
				BC4A38A620138F7500E96E5D /* WKWebViewJavascriptBridge */,
				BC4A38B120138F7500E96E5D /* WKWebViewJavascriptBridgeTests */,
				BC995A472016F5690012F728 /* WKWebViewJavascriptBridgeDemo */,
				BC4A38A520138F7500E96E5D /* Products */,
				BC942672201750BA00A5A6F9 /* Frameworks */,
			);
			sourceTree = "<group>";
		};
		BC4A38A520138F7500E96E5D /* Products */ = {
			isa = PBXGroup;
			children = (
				BC4A38A420138F7500E96E5D /* WKWebViewJavascriptBridge.framework */,
				BC4A38AD20138F7500E96E5D /* WKWebViewJavascriptBridgeTests.xctest */,
				BC995A462016F5690012F728 /* WKWebViewJavascriptBridgeDemo.app */,
			);
			name = Products;
			sourceTree = "<group>";
		};
		BC4A38A620138F7500E96E5D /* WKWebViewJavascriptBridge */ = {
			isa = PBXGroup;
			children = (
				BC4A38A720138F7500E96E5D /* WKWebViewJavascriptBridge.h */,
				BC3D0B1F201440E8008B7E77 /* WKWebViewJavascriptBridgeJS.swift */,
				BC3D0B1B201440BF008B7E77 /* WKWebViewJavascriptBridge.swift */,
				BC3D0B1D201440D9008B7E77 /* WKWebViewJavascriptBridgeBase.swift */,
				BC4A38A820138F7500E96E5D /* Info.plist */,
			);
			path = WKWebViewJavascriptBridge;
			sourceTree = "<group>";
		};
		BC4A38B120138F7500E96E5D /* WKWebViewJavascriptBridgeTests */ = {
			isa = PBXGroup;
			children = (
				BC4A38B220138F7500E96E5D /* WKWebViewJavascriptBridgeTests.swift */,
				BC4A38B420138F7500E96E5D /* Info.plist */,
			);
			path = WKWebViewJavascriptBridgeTests;
			sourceTree = "<group>";
		};
		BC942672201750BA00A5A6F9 /* Frameworks */ = {
			isa = PBXGroup;
			children = (
			);
			name = Frameworks;
			sourceTree = "<group>";
		};
		BC995A472016F5690012F728 /* WKWebViewJavascriptBridgeDemo */ = {
			isa = PBXGroup;
			children = (
				BC995A582016F6A60012F728 /* Demo.html */,
				BC995A482016F5690012F728 /* AppDelegate.swift */,
				BC995A4A2016F5690012F728 /* ViewController.swift */,
				BC995A4C2016F5690012F728 /* Main.storyboard */,
				BC995A4F2016F5690012F728 /* Assets.xcassets */,
				BC995A512016F5690012F728 /* LaunchScreen.storyboard */,
				BC995A542016F5690012F728 /* Info.plist */,
			);
			path = WKWebViewJavascriptBridgeDemo;
			sourceTree = "<group>";
		};
/* End PBXGroup section */

/* Begin PBXHeadersBuildPhase section */
		BC4A38A120138F7500E96E5D /* Headers */ = {
			isa = PBXHeadersBuildPhase;
			buildActionMask = 2147483647;
			files = (
				BC4A38B520138F7500E96E5D /* WKWebViewJavascriptBridge.h in Headers */,
			);
			runOnlyForDeploymentPostprocessing = 0;
		};
/* End PBXHeadersBuildPhase section */

/* Begin PBXNativeTarget section */
		BC4A38A320138F7500E96E5D /* WKWebViewJavascriptBridge */ = {
			isa = PBXNativeTarget;
			buildConfigurationList = BC4A38B820138F7500E96E5D /* Build configuration list for PBXNativeTarget "WKWebViewJavascriptBridge" */;
			buildPhases = (
				BC4A389F20138F7500E96E5D /* Sources */,
				BC4A38A020138F7500E96E5D /* Frameworks */,
				BC4A38A120138F7500E96E5D /* Headers */,
				BC4A38A220138F7500E96E5D /* Resources */,
			);
			buildRules = (
			);
			dependencies = (
			);
			name = WKWebViewJavascriptBridge;
			productName = WKWebViewJavascriptBridge;
			productReference = BC4A38A420138F7500E96E5D /* WKWebViewJavascriptBridge.framework */;
			productType = "com.apple.product-type.framework";
		};
		BC4A38AC20138F7500E96E5D /* WKWebViewJavascriptBridgeTests */ = {
			isa = PBXNativeTarget;
			buildConfigurationList = BC4A38BB20138F7500E96E5D /* Build configuration list for PBXNativeTarget "WKWebViewJavascriptBridgeTests" */;
			buildPhases = (
				BC4A38A920138F7500E96E5D /* Sources */,
				BC4A38AA20138F7500E96E5D /* Frameworks */,
				BC4A38AB20138F7500E96E5D /* Resources */,
			);
			buildRules = (
			);
			dependencies = (
				BC4A38B020138F7500E96E5D /* PBXTargetDependency */,
			);
			name = WKWebViewJavascriptBridgeTests;
			productName = WKWebViewJavascriptBridgeTests;
			productReference = BC4A38AD20138F7500E96E5D /* WKWebViewJavascriptBridgeTests.xctest */;
			productType = "com.apple.product-type.bundle.unit-test";
		};
		BC995A452016F5690012F728 /* WKWebViewJavascriptBridgeDemo */ = {
			isa = PBXNativeTarget;
			buildConfigurationList = BC995A572016F5690012F728 /* Build configuration list for PBXNativeTarget "WKWebViewJavascriptBridgeDemo" */;
			buildPhases = (
				BC995A422016F5690012F728 /* Sources */,
				BC995A432016F5690012F728 /* Frameworks */,
				BC995A442016F5690012F728 /* Resources */,
			);
			buildRules = (
			);
			dependencies = (
			);
			name = WKWebViewJavascriptBridgeDemo;
			productName = WKWebViewJavascriptBridgeDemo;
			productReference = BC995A462016F5690012F728 /* WKWebViewJavascriptBridgeDemo.app */;
			productType = "com.apple.product-type.application";
		};
/* End PBXNativeTarget section */

/* Begin PBXProject section */
		BC4A389B20138F7500E96E5D /* Project object */ = {
			isa = PBXProject;
			attributes = {
				LastSwiftUpdateCheck = 0900;
				LastUpgradeCheck = 1010;
				ORGANIZATIONNAME = Lision;
				TargetAttributes = {
					BC4A38A320138F7500E96E5D = {
						CreatedOnToolsVersion = 9.0;
						LastSwiftMigration = 1010;
						ProvisioningStyle = Automatic;
					};
					BC4A38AC20138F7500E96E5D = {
						CreatedOnToolsVersion = 9.0;
						ProvisioningStyle = Automatic;
					};
					BC995A452016F5690012F728 = {
						CreatedOnToolsVersion = 9.0;
						LastSwiftMigration = 1010;
						ProvisioningStyle = Automatic;
					};
				};
			};
			buildConfigurationList = BC4A389E20138F7500E96E5D /* Build configuration list for PBXProject "WKWebViewJavascriptBridge" */;
			compatibilityVersion = "Xcode 8.0";
			developmentRegion = en;
			hasScannedForEncodings = 0;
			knownRegions = (
				en,
				Base,
			);
			mainGroup = BC4A389A20138F7500E96E5D;
			productRefGroup = BC4A38A520138F7500E96E5D /* Products */;
			projectDirPath = "";
			projectRoot = "";
			targets = (
				BC4A38A320138F7500E96E5D /* WKWebViewJavascriptBridge */,
				BC4A38AC20138F7500E96E5D /* WKWebViewJavascriptBridgeTests */,
				BC995A452016F5690012F728 /* WKWebViewJavascriptBridgeDemo */,
			);
		};
/* End PBXProject section */

/* Begin PBXResourcesBuildPhase section */
		BC4A38A220138F7500E96E5D /* Resources */ = {
			isa = PBXResourcesBuildPhase;
			buildActionMask = 2147483647;
			files = (
			);
			runOnlyForDeploymentPostprocessing = 0;
		};
		BC4A38AB20138F7500E96E5D /* Resources */ = {
			isa = PBXResourcesBuildPhase;
			buildActionMask = 2147483647;
			files = (
			);
			runOnlyForDeploymentPostprocessing = 0;
		};
		BC995A442016F5690012F728 /* Resources */ = {
			isa = PBXResourcesBuildPhase;
			buildActionMask = 2147483647;
			files = (
				BC94267420182E8300A5A6F9 /* Demo.html in Resources */,
				BC995A532016F5690012F728 /* LaunchScreen.storyboard in Resources */,
				BC995A502016F5690012F728 /* Assets.xcassets in Resources */,
				BC995A4E2016F5690012F728 /* Main.storyboard in Resources */,
			);
			runOnlyForDeploymentPostprocessing = 0;
		};
/* End PBXResourcesBuildPhase section */

/* Begin PBXSourcesBuildPhase section */
		BC4A389F20138F7500E96E5D /* Sources */ = {
			isa = PBXSourcesBuildPhase;
			buildActionMask = 2147483647;
			files = (
				BC3D0B1E201440D9008B7E77 /* WKWebViewJavascriptBridgeBase.swift in Sources */,
				BC3D0B20201440E8008B7E77 /* WKWebViewJavascriptBridgeJS.swift in Sources */,
				BC3D0B1C201440BF008B7E77 /* WKWebViewJavascriptBridge.swift in Sources */,
			);
			runOnlyForDeploymentPostprocessing = 0;
		};
		BC4A38A920138F7500E96E5D /* Sources */ = {
			isa = PBXSourcesBuildPhase;
			buildActionMask = 2147483647;
			files = (
				BC4A38B320138F7500E96E5D /* WKWebViewJavascriptBridgeTests.swift in Sources */,
			);
			runOnlyForDeploymentPostprocessing = 0;
		};
		BC995A422016F5690012F728 /* Sources */ = {
			isa = PBXSourcesBuildPhase;
			buildActionMask = 2147483647;
			files = (
				BC995A4B2016F5690012F728 /* ViewController.swift in Sources */,
				BC995A492016F5690012F728 /* AppDelegate.swift in Sources */,
			);
			runOnlyForDeploymentPostprocessing = 0;
		};
/* End PBXSourcesBuildPhase section */

/* Begin PBXTargetDependency section */
		BC4A38B020138F7500E96E5D /* PBXTargetDependency */ = {
			isa = PBXTargetDependency;
			target = BC4A38A320138F7500E96E5D /* WKWebViewJavascriptBridge */;
			targetProxy = BC4A38AF20138F7500E96E5D /* PBXContainerItemProxy */;
		};
/* End PBXTargetDependency section */

/* Begin PBXVariantGroup section */
		BC995A4C2016F5690012F728 /* Main.storyboard */ = {
			isa = PBXVariantGroup;
			children = (
				BC995A4D2016F5690012F728 /* Base */,
			);
			name = Main.storyboard;
			sourceTree = "<group>";
		};
		BC995A512016F5690012F728 /* LaunchScreen.storyboard */ = {
			isa = PBXVariantGroup;
			children = (
				BC995A522016F5690012F728 /* Base */,
			);
			name = LaunchScreen.storyboard;
			sourceTree = "<group>";
		};
/* End PBXVariantGroup section */

/* Begin XCBuildConfiguration section */
		BC4A38B620138F7500E96E5D /* Debug */ = {
			isa = XCBuildConfiguration;
			buildSettings = {
				ALWAYS_SEARCH_USER_PATHS = NO;
				CLANG_ANALYZER_NONNULL = YES;
				CLANG_ANALYZER_NUMBER_OBJECT_CONVERSION = YES_AGGRESSIVE;
				CLANG_CXX_LANGUAGE_STANDARD = "gnu++14";
				CLANG_CXX_LIBRARY = "libc++";
				CLANG_ENABLE_MODULES = YES;
				CLANG_ENABLE_OBJC_ARC = YES;
				CLANG_WARN_BLOCK_CAPTURE_AUTORELEASING = YES;
				CLANG_WARN_BOOL_CONVERSION = YES;
				CLANG_WARN_COMMA = YES;
				CLANG_WARN_CONSTANT_CONVERSION = YES;
				CLANG_WARN_DEPRECATED_OBJC_IMPLEMENTATIONS = YES;
				CLANG_WARN_DIRECT_OBJC_ISA_USAGE = YES_ERROR;
				CLANG_WARN_DOCUMENTATION_COMMENTS = YES;
				CLANG_WARN_EMPTY_BODY = YES;
				CLANG_WARN_ENUM_CONVERSION = YES;
				CLANG_WARN_INFINITE_RECURSION = YES;
				CLANG_WARN_INT_CONVERSION = YES;
				CLANG_WARN_NON_LITERAL_NULL_CONVERSION = YES;
				CLANG_WARN_OBJC_IMPLICIT_RETAIN_SELF = YES;
				CLANG_WARN_OBJC_LITERAL_CONVERSION = YES;
				CLANG_WARN_OBJC_ROOT_CLASS = YES_ERROR;
				CLANG_WARN_RANGE_LOOP_ANALYSIS = YES;
				CLANG_WARN_STRICT_PROTOTYPES = YES;
				CLANG_WARN_SUSPICIOUS_MOVE = YES;
				CLANG_WARN_UNGUARDED_AVAILABILITY = YES_AGGRESSIVE;
				CLANG_WARN_UNREACHABLE_CODE = YES;
				CLANG_WARN__DUPLICATE_METHOD_MATCH = YES;
				CODE_SIGN_IDENTITY = "iPhone Developer";
				COPY_PHASE_STRIP = NO;
				CURRENT_PROJECT_VERSION = 1;
				DEBUG_INFORMATION_FORMAT = dwarf;
				ENABLE_STRICT_OBJC_MSGSEND = YES;
				ENABLE_TESTABILITY = YES;
				GCC_C_LANGUAGE_STANDARD = gnu11;
				GCC_DYNAMIC_NO_PIC = NO;
				GCC_NO_COMMON_BLOCKS = YES;
				GCC_OPTIMIZATION_LEVEL = 0;
				GCC_PREPROCESSOR_DEFINITIONS = (
					"DEBUG=1",
					"$(inherited)",
				);
				GCC_WARN_64_TO_32_BIT_CONVERSION = YES;
				GCC_WARN_ABOUT_RETURN_TYPE = YES_ERROR;
				GCC_WARN_UNDECLARED_SELECTOR = YES;
				GCC_WARN_UNINITIALIZED_AUTOS = YES_AGGRESSIVE;
				GCC_WARN_UNUSED_FUNCTION = YES;
				GCC_WARN_UNUSED_VARIABLE = YES;
				IPHONEOS_DEPLOYMENT_TARGET = 11.0;
				MTL_ENABLE_DEBUG_INFO = YES;
				ONLY_ACTIVE_ARCH = YES;
				SDKROOT = iphoneos;
				SWIFT_ACTIVE_COMPILATION_CONDITIONS = DEBUG;
				SWIFT_OPTIMIZATION_LEVEL = "-Onone";
				VERSIONING_SYSTEM = "apple-generic";
				VERSION_INFO_PREFIX = "";
			};
			name = Debug;
		};
		BC4A38B720138F7500E96E5D /* Release */ = {
			isa = XCBuildConfiguration;
			buildSettings = {
				ALWAYS_SEARCH_USER_PATHS = NO;
				CLANG_ANALYZER_NONNULL = YES;
				CLANG_ANALYZER_NUMBER_OBJECT_CONVERSION = YES_AGGRESSIVE;
				CLANG_CXX_LANGUAGE_STANDARD = "gnu++14";
				CLANG_CXX_LIBRARY = "libc++";
				CLANG_ENABLE_MODULES = YES;
				CLANG_ENABLE_OBJC_ARC = YES;
				CLANG_WARN_BLOCK_CAPTURE_AUTORELEASING = YES;
				CLANG_WARN_BOOL_CONVERSION = YES;
				CLANG_WARN_COMMA = YES;
				CLANG_WARN_CONSTANT_CONVERSION = YES;
				CLANG_WARN_DEPRECATED_OBJC_IMPLEMENTATIONS = YES;
				CLANG_WARN_DIRECT_OBJC_ISA_USAGE = YES_ERROR;
				CLANG_WARN_DOCUMENTATION_COMMENTS = YES;
				CLANG_WARN_EMPTY_BODY = YES;
				CLANG_WARN_ENUM_CONVERSION = YES;
				CLANG_WARN_INFINITE_RECURSION = YES;
				CLANG_WARN_INT_CONVERSION = YES;
				CLANG_WARN_NON_LITERAL_NULL_CONVERSION = YES;
				CLANG_WARN_OBJC_IMPLICIT_RETAIN_SELF = YES;
				CLANG_WARN_OBJC_LITERAL_CONVERSION = YES;
				CLANG_WARN_OBJC_ROOT_CLASS = YES_ERROR;
				CLANG_WARN_RANGE_LOOP_ANALYSIS = YES;
				CLANG_WARN_STRICT_PROTOTYPES = YES;
				CLANG_WARN_SUSPICIOUS_MOVE = YES;
				CLANG_WARN_UNGUARDED_AVAILABILITY = YES_AGGRESSIVE;
				CLANG_WARN_UNREACHABLE_CODE = YES;
				CLANG_WARN__DUPLICATE_METHOD_MATCH = YES;
				CODE_SIGN_IDENTITY = "iPhone Developer";
				COPY_PHASE_STRIP = NO;
				CURRENT_PROJECT_VERSION = 1;
				DEBUG_INFORMATION_FORMAT = "dwarf-with-dsym";
				ENABLE_NS_ASSERTIONS = NO;
				ENABLE_STRICT_OBJC_MSGSEND = YES;
				GCC_C_LANGUAGE_STANDARD = gnu11;
				GCC_NO_COMMON_BLOCKS = YES;
				GCC_WARN_64_TO_32_BIT_CONVERSION = YES;
				GCC_WARN_ABOUT_RETURN_TYPE = YES_ERROR;
				GCC_WARN_UNDECLARED_SELECTOR = YES;
				GCC_WARN_UNINITIALIZED_AUTOS = YES_AGGRESSIVE;
				GCC_WARN_UNUSED_FUNCTION = YES;
				GCC_WARN_UNUSED_VARIABLE = YES;
				IPHONEOS_DEPLOYMENT_TARGET = 11.0;
				MTL_ENABLE_DEBUG_INFO = NO;
				SDKROOT = iphoneos;
				SWIFT_OPTIMIZATION_LEVEL = "-Owholemodule";
				VALIDATE_PRODUCT = YES;
				VERSIONING_SYSTEM = "apple-generic";
				VERSION_INFO_PREFIX = "";
			};
			name = Release;
		};
		BC4A38B920138F7500E96E5D /* Debug */ = {
			isa = XCBuildConfiguration;
			buildSettings = {
				CLANG_ENABLE_MODULES = YES;
				CODE_SIGN_IDENTITY = "";
				CODE_SIGN_STYLE = Automatic;
				DEFINES_MODULE = YES;
				DEVELOPMENT_TEAM = ACXP2JHJKF;
				DYLIB_COMPATIBILITY_VERSION = 1;
				DYLIB_CURRENT_VERSION = 1;
				DYLIB_INSTALL_NAME_BASE = "@rpath";
				INFOPLIST_FILE = WKWebViewJavascriptBridge/Info.plist;
				INSTALL_PATH = "$(LOCAL_LIBRARY_DIR)/Frameworks";
				IPHONEOS_DEPLOYMENT_TARGET = 9.0;
				LD_RUNPATH_SEARCH_PATHS = "$(inherited) @executable_path/Frameworks @loader_path/Frameworks";
				PRODUCT_BUNDLE_IDENTIFIER = com.Lision.WKWebViewJavascriptBridge;
				PRODUCT_NAME = "$(TARGET_NAME:c99extidentifier)";
				SKIP_INSTALL = YES;
				SWIFT_OPTIMIZATION_LEVEL = "-Onone";
				SWIFT_VERSION = 4.2;
				TARGETED_DEVICE_FAMILY = "1,2";
			};
			name = Debug;
		};
		BC4A38BA20138F7500E96E5D /* Release */ = {
			isa = XCBuildConfiguration;
			buildSettings = {
				CLANG_ENABLE_MODULES = YES;
				CODE_SIGN_IDENTITY = "";
				CODE_SIGN_STYLE = Automatic;
				DEFINES_MODULE = YES;
				DEVELOPMENT_TEAM = ACXP2JHJKF;
				DYLIB_COMPATIBILITY_VERSION = 1;
				DYLIB_CURRENT_VERSION = 1;
				DYLIB_INSTALL_NAME_BASE = "@rpath";
				INFOPLIST_FILE = WKWebViewJavascriptBridge/Info.plist;
				INSTALL_PATH = "$(LOCAL_LIBRARY_DIR)/Frameworks";
				IPHONEOS_DEPLOYMENT_TARGET = 9.0;
				LD_RUNPATH_SEARCH_PATHS = "$(inherited) @executable_path/Frameworks @loader_path/Frameworks";
				PRODUCT_BUNDLE_IDENTIFIER = com.Lision.WKWebViewJavascriptBridge;
				PRODUCT_NAME = "$(TARGET_NAME:c99extidentifier)";
				SKIP_INSTALL = YES;
				SWIFT_VERSION = 4.2;
				TARGETED_DEVICE_FAMILY = "1,2";
			};
			name = Release;
		};
		BC4A38BC20138F7500E96E5D /* Debug */ = {
			isa = XCBuildConfiguration;
			buildSettings = {
				ALWAYS_EMBED_SWIFT_STANDARD_LIBRARIES = YES;
				CODE_SIGN_STYLE = Automatic;
				DEVELOPMENT_TEAM = ACXP2JHJKF;
				INFOPLIST_FILE = WKWebViewJavascriptBridgeTests/Info.plist;
				LD_RUNPATH_SEARCH_PATHS = "$(inherited) @executable_path/Frameworks @loader_path/Frameworks";
				PRODUCT_BUNDLE_IDENTIFIER = com.Lision.WKWebViewJavascriptBridgeTests;
				PRODUCT_NAME = "$(TARGET_NAME)";
				SWIFT_VERSION = 4.0;
				TARGETED_DEVICE_FAMILY = "1,2";
			};
			name = Debug;
		};
		BC4A38BD20138F7500E96E5D /* Release */ = {
			isa = XCBuildConfiguration;
			buildSettings = {
				ALWAYS_EMBED_SWIFT_STANDARD_LIBRARIES = YES;
				CODE_SIGN_STYLE = Automatic;
				DEVELOPMENT_TEAM = ACXP2JHJKF;
				INFOPLIST_FILE = WKWebViewJavascriptBridgeTests/Info.plist;
				LD_RUNPATH_SEARCH_PATHS = "$(inherited) @executable_path/Frameworks @loader_path/Frameworks";
				PRODUCT_BUNDLE_IDENTIFIER = com.Lision.WKWebViewJavascriptBridgeTests;
				PRODUCT_NAME = "$(TARGET_NAME)";
				SWIFT_VERSION = 4.0;
				TARGETED_DEVICE_FAMILY = "1,2";
			};
			name = Release;
		};
		BC995A552016F5690012F728 /* Debug */ = {
			isa = XCBuildConfiguration;
			buildSettings = {
				ASSETCATALOG_COMPILER_APPICON_NAME = AppIcon;
				CODE_SIGN_STYLE = Automatic;
				DEVELOPMENT_TEAM = ACXP2JHJKF;
				INFOPLIST_FILE = WKWebViewJavascriptBridgeDemo/Info.plist;
				IPHONEOS_DEPLOYMENT_TARGET = 9.0;
				LD_RUNPATH_SEARCH_PATHS = "$(inherited) @executable_path/Frameworks";
				PRODUCT_BUNDLE_IDENTIFIER = com.Lision.WKWebViewJavascriptBridgeDemo;
				PRODUCT_NAME = "$(TARGET_NAME)";
				SWIFT_VERSION = 4.2;
				TARGETED_DEVICE_FAMILY = "1,2";
			};
			name = Debug;
		};
		BC995A562016F5690012F728 /* Release */ = {
			isa = XCBuildConfiguration;
			buildSettings = {
				ASSETCATALOG_COMPILER_APPICON_NAME = AppIcon;
				CODE_SIGN_STYLE = Automatic;
				DEVELOPMENT_TEAM = ACXP2JHJKF;
				INFOPLIST_FILE = WKWebViewJavascriptBridgeDemo/Info.plist;
				IPHONEOS_DEPLOYMENT_TARGET = 9.0;
				LD_RUNPATH_SEARCH_PATHS = "$(inherited) @executable_path/Frameworks";
				PRODUCT_BUNDLE_IDENTIFIER = com.Lision.WKWebViewJavascriptBridgeDemo;
				PRODUCT_NAME = "$(TARGET_NAME)";
				SWIFT_VERSION = 4.2;
				TARGETED_DEVICE_FAMILY = "1,2";
			};
			name = Release;
		};
/* End XCBuildConfiguration section */

/* Begin XCConfigurationList section */
		BC4A389E20138F7500E96E5D /* Build configuration list for PBXProject "WKWebViewJavascriptBridge" */ = {
			isa = XCConfigurationList;
			buildConfigurations = (
				BC4A38B620138F7500E96E5D /* Debug */,
				BC4A38B720138F7500E96E5D /* Release */,
			);
			defaultConfigurationIsVisible = 0;
			defaultConfigurationName = Release;
		};
		BC4A38B820138F7500E96E5D /* Build configuration list for PBXNativeTarget "WKWebViewJavascriptBridge" */ = {
			isa = XCConfigurationList;
			buildConfigurations = (
				BC4A38B920138F7500E96E5D /* Debug */,
				BC4A38BA20138F7500E96E5D /* Release */,
			);
			defaultConfigurationIsVisible = 0;
			defaultConfigurationName = Release;
		};
		BC4A38BB20138F7500E96E5D /* Build configuration list for PBXNativeTarget "WKWebViewJavascriptBridgeTests" */ = {
			isa = XCConfigurationList;
			buildConfigurations = (
				BC4A38BC20138F7500E96E5D /* Debug */,
				BC4A38BD20138F7500E96E5D /* Release */,
			);
			defaultConfigurationIsVisible = 0;
			defaultConfigurationName = Release;
		};
		BC995A572016F5690012F728 /* Build configuration list for PBXNativeTarget "WKWebViewJavascriptBridgeDemo" */ = {
			isa = XCConfigurationList;
			buildConfigurations = (
				BC995A552016F5690012F728 /* Debug */,
				BC995A562016F5690012F728 /* Release */,
			);
			defaultConfigurationIsVisible = 0;
			defaultConfigurationName = Release;
		};
/* End XCConfigurationList section */
	};
	rootObject = BC4A389B20138F7500E96E5D /* Project object */;
}
